
Microsoft Visual Studio Solution File, Format Version 12.00
# Visual Studio Version 17
VisualStudioVersion = 17.14.36603.0
MinimumVisualStudioVersion = 10.0.40219.1
Project("{FAE04EC0-301F-11D3-BF4B-00C04F79EFBC}") = "ShoeStoreLibrary", "ShoeStoreLibrary\ShoeStoreLibrary.csproj", "{F6502028-ABC3-429A-A882-799B4EB0296E}"
EndProject
Project("{FAE04EC0-301F-11D3-BF4B-00C04F79EFBC}") = "ShoeStoreWebApp", "ShoeStoreWebApp\ShoeStoreWebApp.csproj", "{9AC4C7F2-DDE5-40CC-A4A4-D0B57D6660E9}"
EndProject
Project("{FAE04EC0-301F-11D3-BF4B-00C04F79EFBC}") = "ShoeStoreWpf", "ShoeStoreWpf\ShoeStoreWpf.csproj", "{3571E765-1916-49F0-916B-5B961BF1FF85}"
EndProject
Project("{FAE04EC0-301F-11D3-BF4B-00C04F79EFBC}") = "ShoeStoreApi", "ShoeStoreApi\ShoeStoreApi.csproj", "{1CC13220-DCE1-4714-A948-2CA317059EFE}"
EndProject
Global
	GlobalSection(SolutionConfigurationPlatforms) = preSolution
		Debug|Any CPU = Debug|Any CPU
		Release|Any CPU = Release|Any CPU
	EndGlobalSection
	GlobalSection(ProjectConfigurationPlatforms) = postSolution
		{F6502028-ABC3-429A-A882-799B4EB0296E}.Debug|Any CPU.ActiveCfg = Debug|Any CPU
		{F6502028-ABC3-429A-A882-799B4EB0296E}.Debug|Any CPU.Build.0 = Debug|Any CPU
		{F6502028-ABC3-429A-A882-799B4EB0296E}.Release|Any CPU.ActiveCfg = Release|Any CPU
		{F6502028-ABC3-429A-A882-799B4EB0296E}.Release|Any CPU.Build.0 = Release|Any CPU
		{9AC4C7F2-DDE5-40CC-A4A4-D0B57D6660E9}.Debug|Any CPU.ActiveCfg = Debug|Any CPU
		{9AC4C7F2-DDE5-40CC-A4A4-D0B57D6660E9}.Debug|Any CPU.Build.0 = Debug|Any CPU
		{9AC4C7F2-DDE5-40CC-A4A4-D0B57D6660E9}.Release|Any CPU.ActiveCfg = Release|Any CPU
		{9AC4C7F2-DDE5-40CC-A4A4-D0B57D6660E9}.Release|Any CPU.Build.0 = Release|Any CPU
		{3571E765-1916-49F0-916B-5B961BF1FF85}.Debug|Any CPU.ActiveCfg = Debug|Any CPU
		{3571E765-1916-49F0-916B-5B961BF1FF85}.Debug|Any CPU.Build.0 = Debug|Any CPU
		{3571E765-1916-49F0-916B-5B961BF1FF85}.Release|Any CPU.ActiveCfg = Release|Any CPU
		{3571E765-1916-49F0-916B-5B961BF1FF85}.Release|Any CPU.Build.0 = Release|Any CPU
		{1CC13220-DCE1-4714-A948-2CA317059EFE}.Debug|Any CPU.ActiveCfg = Debug|Any CPU
		{1CC13220-DCE1-4714-A948-2CA317059EFE}.Debug|Any CPU.Build.0 = Debug|Any CPU
		{1CC13220-DCE1-4714-A948-2CA317059EFE}.Release|Any CPU.ActiveCfg = Release|Any CPU
		{1CC13220-DCE1-4714-A948-2CA317059EFE}.Release|Any CPU.Build.0 = Release|Any CPU
	EndGlobalSection
	GlobalSection(SolutionProperties) = preSolution
		HideSolutionNode = FALSE
	EndGlobalSection
	GlobalSection(ExtensibilityGlobals) = postSolution
		SolutionGuid = {827D4FBD-1433-43CE-AD45-9283BAD8A89A}
	EndGlobalSection
EndGlobal
